// !$*UTF8*$!
{
	archiveVersion = 1;
	classes = {
	};
	objectVersion = 46;
	objects = {

/* Begin PBXBuildFile section */
		17698269F8ADD4D38A311D89 /* main.m in Sources */ = {isa = PBXBuildFile; fileRef = 176981A2866D0DE024414196 /* main.m */; };
		176984E86ECA32233B27E435 /* Foundation.framework in Frameworks */ = {isa = PBXBuildFile; fileRef = 17698425164A1F74EDBC2D5D /* Foundation.framework */; };
		176985C9FEB9D22956D722EC /* CoreGraphics.framework in Frameworks */ = {isa = PBXBuildFile; fileRef = 176981F883D3A73000608403 /* CoreGraphics.framework */; };
		176986CF1B0818E11D98FA88 /* UIKit.framework in Frameworks */ = {isa = PBXBuildFile; fileRef = 17698BB920DFA1162F0EB821 /* UIKit.framework */; };
		E62F30F41977BCE800ECFCCF /* libCore.a in Frameworks */ = {isa = PBXBuildFile; fileRef = E62F30F31977BCE800ECFCCF /* libCore.a */; };
				7459C0C7709C50F49687F0E3 /*libiDesigner.a */= {isa = PBXBuildFile; fileRef = A8595BFC03213E285C102CF9;};
		347B62FC86E9ACF0A637970C /*icon-60.png */= {isa = PBXBuildFile; fileRef = 0B0EDEBDC7626AC69DA2F400;};
		428060FAA6665CD165BF93F4 /*icon-60@2x.png */= {isa = PBXBuildFile; fileRef = CCB3C052933001216878F0F4;};
		A117336CA1D297BC8A6DB906 /*icon-76.png */= {isa = PBXBuildFile; fileRef = 3A546DACDA003DD477D2F014;};
		C35447683B1C7C708F4B598E /*icon-76@2x.png */= {isa = PBXBuildFile; fileRef = 88B14A40DAC5A70C1FCB183F;};
		B6FCF9B12AE3F4D5FFF4A84C /*Default-568h@2x.png */= {isa = PBXBuildFile; fileRef = 32EF309227D769CC9B672428;};
		9514E548624BA35C301EB23E /*Default-667h@2x.png */= {isa = PBXBuildFile; fileRef = 8B2F816EF048763C58BC0DEA;};
		56FBDB52F1E7D0F9EF0E1C16 /*Default-736h@3x.png */= {isa = PBXBuildFile; fileRef = 22CB45AB57848E3E47E307F8;};
		03CAE5D42DCEA3B10DEDF266 /*Default@2x.png */= {isa = PBXBuildFile; fileRef = FEAC73B4504C1C6C7D424B25;};
		10DAEEFAC79A7A13AFB54E26 /*b4i_host_ip.txt */= {isa = PBXBuildFile; fileRef = 70516B494EB84F14AE2FADAA;};

/* End PBXBuildFile section */

/* Begin PBXFileReference section */
		176981A2866D0DE024414196 /* main.m */ = {isa = PBXFileReference; lastKnownFileType = sourcecode.c.objc; name=main.m;path = main.m; sourceTree = "<group>"; };
		176981F883D3A73000608403 /* CoreGraphics.framework */ = {isa = PBXFileReference; lastKnownFileType = wrapper.framework; name = CoreGraphics.framework; path = System/Library/Frameworks/CoreGraphics.framework; sourceTree = SDKROOT; };
		17698425164A1F74EDBC2D5D /* Foundation.framework */ = {isa = PBXFileReference; lastKnownFileType = wrapper.framework; name = Foundation.framework; path = System/Library/Frameworks/Foundation.framework; sourceTree = SDKROOT; };
		1769858BCAF68EA130FD7526 /* B4iProject-Info.plist */ = {isa = PBXFileReference; lastKnownFileType = text.plist.info; path = "B4iProject-Info.plist"; sourceTree = "<group>"; };
		17698A7EF0344C1736CE56CA /* iCore.h */ = {isa = PBXFileReference; fileEncoding = 4; lastKnownFileType = sourcecode.c.h; name = iCore.h; path = ../../Libs/iCore.h; sourceTree = "<group>"; };
		17698BB920DFA1162F0EB821 /* UIKit.framework */ = {isa = PBXFileReference; lastKnownFileType = wrapper.framework; name = UIKit.framework; path = System/Library/Frameworks/UIKit.framework; sourceTree = SDKROOT; };
		17698FBFF90D3150F5060750 /* B4iProject.app */ = {isa = PBXFileReference; explicitFileType = wrapper.application; includeInIndex = 0; path = B4iProject.app; sourceTree = BUILT_PRODUCTS_DIR; };
		E62F30F31977BCE800ECFCCF /* libCore.a */ = {isa = PBXFileReference; lastKnownFileType = archive.ar; name = libCore.a; path = ../../Libs/libCore.a; sourceTree = "<group>"; };
				01D3300B658C7A31EFE42597 /* ../../Libs/iDesigner.h */ = {isa = PBXFileReference; fileEncoding = 4; lastKnownFileType = sourcecode.c.h;name = iDesigner.h;path = ../../Libs/iDesigner.h; sourceTree = "<group>"; };
		A8595BFC03213E285C102CF9 /* libiDesigner.a */ = {isa = PBXFileReference; lastKnownFileType = archive.ar; name = "libiDesigner.a";path = "../../Libs/libiDesigner.a"; sourceTree = "<group>"; };
		0B0EDEBDC7626AC69DA2F400 /* icon-60.png */ = {isa = PBXFileReference; lastKnownFileType = image.png ;name = "icon-60.png";path = "icon-60.png"; sourceTree = "<group>"; };
		CCB3C052933001216878F0F4 /* icon-60@2x.png */ = {isa = PBXFileReference; lastKnownFileType = image.png ;name = "icon-60@2x.png";path = "icon-60@2x.png"; sourceTree = "<group>"; };
		3A546DACDA003DD477D2F014 /* icon-76.png */ = {isa = PBXFileReference; lastKnownFileType = image.png ;name = "icon-76.png";path = "icon-76.png"; sourceTree = "<group>"; };
		88B14A40DAC5A70C1FCB183F /* icon-76@2x.png */ = {isa = PBXFileReference; lastKnownFileType = image.png ;name = "icon-76@2x.png";path = "icon-76@2x.png"; sourceTree = "<group>"; };
		32EF309227D769CC9B672428 /* Default-568h@2x.png */ = {isa = PBXFileReference; lastKnownFileType = image.png ;name = "Default-568h@2x.png";path = "Default-568h@2x.png"; sourceTree = "<group>"; };
		8B2F816EF048763C58BC0DEA /* Default-667h@2x.png */ = {isa = PBXFileReference; lastKnownFileType = image.png ;name = "Default-667h@2x.png";path = "Default-667h@2x.png"; sourceTree = "<group>"; };
		22CB45AB57848E3E47E307F8 /* Default-736h@3x.png */ = {isa = PBXFileReference; lastKnownFileType = image.png ;name = "Default-736h@3x.png";path = "Default-736h@3x.png"; sourceTree = "<group>"; };
		FEAC73B4504C1C6C7D424B25 /* Default@2x.png */ = {isa = PBXFileReference; lastKnownFileType = image.png ;name = "Default@2x.png";path = "Default@2x.png"; sourceTree = "<group>"; };
		70516B494EB84F14AE2FADAA /* b4i_host_ip.txt */ = {isa = PBXFileReference; name = "b4i_host_ip.txt";path = "b4i_host_ip.txt"; sourceTree = "<group>"; };

/* End PBXFileReference section */

/* Begin PBXFrameworksBuildPhase section */
		176981AF8538501652D4968E /* Frameworks */ = {
			isa = PBXFrameworksBuildPhase;
			buildActionMask = 2147483647;
			files = (
				E62F30F41977BCE800ECFCCF /* libCore.a in Frameworks */,
				176984E86ECA32233B27E435 /* Foundation.framework in Frameworks */,
				176985C9FEB9D22956D722EC /* CoreGraphics.framework in Frameworks */,
				176986CF1B0818E11D98FA88 /* UIKit.framework in Frameworks */,
							7459C0C7709C50F49687F0E3 /* libiDesigner.a*/,

			);
			runOnlyForDeploymentPostprocessing = 0;
		};
/* End PBXFrameworksBuildPhase section */

/* Begin PBXGroup section */
		1769817EE441197054A51A0E /* Frameworks */ = {
			isa = PBXGroup;
			children = (
				E62F30F31977BCE800ECFCCF /* libCore.a */,
				17698425164A1F74EDBC2D5D /* Foundation.framework */,
				176981F883D3A73000608403 /* CoreGraphics.framework */,
				17698BB920DFA1162F0EB821 /* UIKit.framework */,
							A8595BFC03213E285C102CF9 /* libiDesigner.a*/,

			);
			name = Frameworks;
			sourceTree = "<group>";
		};
		176984D1F034284990F306DF = {
			isa = PBXGroup;
			children = (
				17698C736707A7A6CFB39BCC /* Products */,
				1769817EE441197054A51A0E /* Frameworks */,
				17698A4DA77B365030090E14 /* B4iProject */,
				17698A7EF0344C1736CE56CA /* iCore.h */,
				01D3300B658C7A31EFE42597 /*../../Libs/iDesigner.h */,

			);
			sourceTree = "<group>";
		};
		17698A4DA77B365030090E14 /* B4iProject */ = {
			isa = PBXGroup;
			children = (
				17698D50146BD3E39B9BED14 /* Supporting Files */,
				1769836B8ADF58C67EFF75D1 /* Images.xcassets */,
				176981A2866D0DE024414196 /* main.m */,
				
			);
			path = B4iProject;
			sourceTree = "<group>";
		};
		17698C736707A7A6CFB39BCC /* Products */ = {
			isa = PBXGroup;
			children = (
				17698FBFF90D3150F5060750 /* B4iProject.app */,
			);
			name = Products;
			sourceTree = "<group>";
		};
		17698D50146BD3E39B9BED14 /* Supporting Files */ = {
			isa = PBXGroup;
			children = (
				1769858BCAF68EA130FD7526 /* B4iProject-Info.plist */,
			);
			name = "Supporting Files";
			sourceTree = "<group>";
		};
/* End PBXGroup section */

/* Begin PBXNativeTarget section */
		176985727CDE56D50D0F89E8 /* B4iProject */ = {
			isa = PBXNativeTarget;
			buildConfigurationList = 176988635465EFF1B60E0EC2 /* Build configuration list for PBXNativeTarget "B4iProject" */;
			buildPhases = (
				176983BE709AAE91071A41C0 /* Sources */,
				176981AF8538501652D4968E /* Frameworks */,
				176986BB4D75D579C4ED5800 /* Resources */,
			);
			buildRules = (
			);
			dependencies = (
			);
			name = B4iProject;
			productName = B4iProject;
			productReference = 17698FBFF90D3150F5060750 /* B4iProject.app */;
			productType = "com.apple.product-type.application";
		};
/* End PBXNativeTarget section */

/* Begin PBXProject section */
		17698CE071E1DCDD35C3769C /* Project object */ = {
			isa = PBXProject;
			
			buildConfigurationList = 1769808FECA5084671CB2E42 /* Build configuration list for PBXProject "B4iProject" */;
			compatibilityVersion = "Xcode 3.2";
			developmentRegion = English;
			hasScannedForEncodings = 0;
			knownRegions = (
				en,
			);
			mainGroup = 176984D1F034284990F306DF;
			productRefGroup = 17698C736707A7A6CFB39BCC /* Products */;
			projectDirPath = "";
			projectRoot = "";
			targets = (
				176985727CDE56D50D0F89E8 /* B4iProject */,
			);
		};
/* End PBXProject section */

/* Begin PBXResourcesBuildPhase section */
		176986BB4D75D579C4ED5800 /* Resources */ = {
			isa = PBXResourcesBuildPhase;
			buildActionMask = 2147483647;
			files = (
						347B62FC86E9ACF0A637970C /* icon-60.png*/,
			428060FAA6665CD165BF93F4 /* icon-60@2x.png*/,
			A117336CA1D297BC8A6DB906 /* icon-76.png*/,
			C35447683B1C7C708F4B598E /* icon-76@2x.png*/,
			B6FCF9B12AE3F4D5FFF4A84C /* Default-568h@2x.png*/,
			9514E548624BA35C301EB23E /* Default-667h@2x.png*/,
			56FBDB52F1E7D0F9EF0E1C16 /* Default-736h@3x.png*/,
			03CAE5D42DCEA3B10DEDF266 /* Default@2x.png*/,
			10DAEEFAC79A7A13AFB54E26 /* b4i_host_ip.txt*/,

			);
			runOnlyForDeploymentPostprocessing = 0;
		};
/* End PBXResourcesBuildPhase section */
/* Begin PBXVariantGroup section */

/* End PBXVariantGroup section */
/* Begin PBXSourcesBuildPhase section */
		176983BE709AAE91071A41C0 /* Sources */ = {
			isa = PBXSourcesBuildPhase;
			buildActionMask = 2147483647;
			files = (
				17698269F8ADD4D38A311D89,
				
			);
			runOnlyForDeploymentPostprocessing = 0;
		};
/* End PBXSourcesBuildPhase section */

/* Begin XCBuildConfiguration section */
		1769836FE4CB7371F94A0612 /* Debug */ = {
			isa = XCBuildConfiguration;
			buildSettings = {
				ALWAYS_SEARCH_USER_PATHS = NO;
				ARCHS = armv7;
				CLANG_CXX_LANGUAGE_STANDARD = "gnu++0x";
				CLANG_CXX_LIBRARY = "libc++";
				CLANG_ENABLE_MODULES = YES;
				CLANG_ENABLE_OBJC_ARC = YES;
				CLANG_WARN_BOOL_CONVERSION = YES;
				CLANG_WARN_CONSTANT_CONVERSION = YES;
				CLANG_WARN_DIRECT_OBJC_ISA_USAGE = YES_ERROR;
				CLANG_WARN_EMPTY_BODY = YES;
				CLANG_WARN_ENUM_CONVERSION = YES;
				CLANG_WARN_INT_CONVERSION = YES;
				CLANG_WARN_OBJC_ROOT_CLASS = YES_ERROR;
				CLANG_WARN__DUPLICATE_METHOD_MATCH = YES;
				"CODE_SIGN_IDENTITY[sdk=iphoneos*]" = "";
				CODE_SIGN_ENTITLEMENTS = B4i.entitlements;
				COMPRESS_PNG_FILES = NO;
				COPY_PHASE_STRIP = NO;
				DEAD_CODE_STRIPPING = NO;
				GCC_C_LANGUAGE_STANDARD = gnu99;
				GCC_DYNAMIC_NO_PIC = NO;
				GCC_OPTIMIZATION_LEVEL = 0;
				GCC_PREPROCESSOR_DEFINITIONS = (
					"DEBUG=1",
					"$(inherited)",
				);
				GCC_SYMBOLS_PRIVATE_EXTERN = NO;
				GCC_WARN_64_TO_32_BIT_CONVERSION = YES;
				GCC_WARN_ABOUT_RETURN_TYPE = YES_ERROR;
				GCC_WARN_UNDECLARED_SELECTOR = YES;
				GCC_WARN_UNINITIALIZED_AUTOS = YES_AGGRESSIVE;
				GCC_WARN_UNUSED_FUNCTION = YES;
				GCC_WARN_UNUSED_VARIABLE = YES;
				IPHONEOS_DEPLOYMENT_TARGET = 7.0;
				MACH_O_TYPE = mh_execute;
				ONLY_ACTIVE_ARCH = YES;
				SDKROOT = iphoneos;
				TARGETED_DEVICE_FAMILY = "1,2";
				VALID_ARCHS = (
					armv7,
					armv7s,
					arm64,
					i386,
				);
			};
			name = Debug;
		};
		176985B8A8864B639093D8AA /* Release */ = {
			isa = XCBuildConfiguration;
			buildSettings = {
				ALWAYS_SEARCH_USER_PATHS = NO;
				ARCHS = armv7;
				CLANG_CXX_LANGUAGE_STANDARD = "gnu++0x";
				CLANG_CXX_LIBRARY = "libc++";
				CLANG_ENABLE_MODULES = YES;
				CLANG_ENABLE_OBJC_ARC = YES;
				CLANG_WARN_BOOL_CONVERSION = YES;
				CLANG_WARN_CONSTANT_CONVERSION = YES;
				CLANG_WARN_DIRECT_OBJC_ISA_USAGE = YES_ERROR;
				CLANG_WARN_EMPTY_BODY = YES;
				CLANG_WARN_ENUM_CONVERSION = YES;
				CLANG_WARN_INT_CONVERSION = YES;
				CLANG_WARN_OBJC_ROOT_CLASS = YES_ERROR;
				CLANG_WARN__DUPLICATE_METHOD_MATCH = YES;
				"CODE_SIGN_IDENTITY[sdk=iphoneos*]" = "";
				CODE_SIGN_ENTITLEMENTS = B4i.entitlements;
				COMPRESS_PNG_FILES = NO;
				COPY_PHASE_STRIP = NO;
				DEAD_CODE_STRIPPING = NO;
				DEBUG_INFORMATION_FORMAT = "dwarf-with-dsym";
				ENABLE_NS_ASSERTIONS = NO;
				GCC_C_LANGUAGE_STANDARD = gnu99;
				GCC_OPTIMIZATION_LEVEL = 0;
				GCC_WARN_64_TO_32_BIT_CONVERSION = YES;
				GCC_WARN_ABOUT_RETURN_TYPE = YES_ERROR;
				GCC_WARN_UNDECLARED_SELECTOR = YES;
				GCC_WARN_UNINITIALIZED_AUTOS = YES_AGGRESSIVE;
				GCC_WARN_UNUSED_FUNCTION = YES;
				GCC_WARN_UNUSED_VARIABLE = YES;
				IPHONEOS_DEPLOYMENT_TARGET = 7.0;
				MACH_O_TYPE = mh_execute;
				SDKROOT = iphoneos;
				TARGETED_DEVICE_FAMILY = "1,2";
				VALIDATE_PRODUCT = YES;
				VALID_ARCHS = (
					armv7,
					armv7s,
					arm64,
					i386,
				);
			};
			name = Release;
		};
		1769861452A3795C25608DA7 /* Debug */ = {
			isa = XCBuildConfiguration;
			buildSettings = {
				ASSETCATALOG_COMPILER_APPICON_NAME = AppIcon;
				ASSETCATALOG_COMPILER_LAUNCHIMAGE_NAME = LaunchImage;
				ENABLE_BITCODE = NO;
				FRAMEWORK_SEARCH_PATHS = "../../Libs";
				GCC_PRECOMPILE_PREFIX_HEADER = YES;
				INFOPLIST_FILE = "B4iProject/B4iProject-Info.plist";
				LIBRARY_SEARCH_PATHS = (
					"$(inherited)",
					../../Libs,
				);
				OTHER_LDFLAGS = "-ObjC";
				PRODUCT_NAME = "$(TARGET_NAME)";
				WRAPPER_EXTENSION = app;
			};
			name = Debug;
		};
		17698A90363D1AD17BD7A1BA /* Release */ = {
			isa = XCBuildConfiguration;
			buildSettings = {
				ASSETCATALOG_COMPILER_APPICON_NAME = AppIcon;
				ASSETCATALOG_COMPILER_LAUNCHIMAGE_NAME = LaunchImage;
				ENABLE_BITCODE = NO;
				DEBUG_INFORMATION_FORMAT = "dwarf-with-dsym";
				FRAMEWORK_SEARCH_PATHS = "../../Libs";
				GCC_PRECOMPILE_PREFIX_HEADER = YES;
				INFOPLIST_FILE = "B4iProject/B4iProject-Info.plist";
				LIBRARY_SEARCH_PATHS = (
					"$(inherited)",
					../../Libs,
				);
				OTHER_LDFLAGS = "-ObjC";
				PRODUCT_NAME = "$(TARGET_NAME)";
				WRAPPER_EXTENSION = app;
			};
			name = Release;
		};
/* End XCBuildConfiguration section */

/* Begin XCConfigurationList section */
		1769808FECA5084671CB2E42 /* Build configuration list for PBXProject "B4iProject" */ = {
			isa = XCConfigurationList;
			buildConfigurations = (
				1769836FE4CB7371F94A0612 /* Debug */,
				176985B8A8864B639093D8AA /* Release */,
			);
			defaultConfigurationIsVisible = 0;
			defaultConfigurationName = Release;
		};
		176988635465EFF1B60E0EC2 /* Build configuration list for PBXNativeTarget "B4iProject" */ = {
			isa = XCConfigurationList;
			buildConfigurations = (
				1769861452A3795C25608DA7 /* Debug */,
				17698A90363D1AD17BD7A1BA /* Release */,
			);
			defaultConfigurationIsVisible = 0;
			defaultConfigurationName = Release;
		};
/* End XCConfigurationList section */
	};
	rootObject = 17698CE071E1DCDD35C3769C /* Project object */;
}
